
Microsoft Visual Studio Solution File, Format Version 12.00
# Visual Studio Version 16
VisualStudioVersion = 16.0.30611.23
MinimumVisualStudioVersion = 10.0.40219.1
Project("{FAE04EC0-301F-11D3-BF4B-00C04F79EFBC}") = "GitHub Action", "GitHub Action\GitHub Action.csproj", "{41131624-2D05-4076-998B-38760035F2BD}"
EndProject
Global
	GlobalSection(SolutionConfigurationPlatforms) = preSolution
		Debug|Any CPU = Debug|Any CPU
		Release|Any CPU = Release|Any CPU
	EndGlobalSection
	GlobalSection(ProjectConfigurationPlatforms) = postSolution
		{41131624-2D05-4076-998B-38760035F2BD}.Debug|Any CPU.ActiveCfg = Debug|Any CPU
		{41131624-2D05-4076-998B-38760035F2BD}.Debug|Any CPU.Build.0 = Debug|Any CPU
		{41131624-2D05-4076-998B-38760035F2BD}.Release|Any CPU.ActiveCfg = Release|Any CPU
		{41131624-2D05-4076-998B-38760035F2BD}.Release|Any CPU.Build.0 = Release|Any CPU
	EndGlobalSection
	GlobalSection(SolutionProperties) = preSolution
		HideSolutionNode = FALSE
	EndGlobalSection
	GlobalSection(ExtensibilityGlobals) = postSolution
		SolutionGuid = {CDD51E7B-01ED-44F1-A25F-09A48B1F2CE2}
	EndGlobalSection
EndGlobal
